
Microsoft Visual Studio Solution File, Format Version 12.00
# Visual Studio Version 17
VisualStudioVersion = 17.11.35219.272
MinimumVisualStudioVersion = 10.0.40219.1
Project("{FAE04EC0-301F-11D3-BF4B-00C04F79EFBC}") = "Okul_Proje", "Okul_Proje\Okul_Proje.csproj", "{D3559261-EEB6-43AF-8B37-1CC0EC188F45}"
EndProject
Global
	GlobalSection(SolutionConfigurationPlatforms) = preSolution
		Debug|Any CPU = Debug|Any CPU
		Release|Any CPU = Release|Any CPU
	EndGlobalSection
	GlobalSection(ProjectConfigurationPlatforms) = postSolution
		{D3559261-EEB6-43AF-8B37-1CC0EC188F45}.Debug|Any CPU.ActiveCfg = Debug|Any CPU
		{D3559261-EEB6-43AF-8B37-1CC0EC188F45}.Debug|Any CPU.Build.0 = Debug|Any CPU
		{D3559261-EEB6-43AF-8B37-1CC0EC188F45}.Release|Any CPU.ActiveCfg = Release|Any CPU
		{D3559261-EEB6-43AF-8B37-1CC0EC188F45}.Release|Any CPU.Build.0 = Release|Any CPU
	EndGlobalSection
	GlobalSection(SolutionProperties) = preSolution
		HideSolutionNode = FALSE
	EndGlobalSection
	GlobalSection(ExtensibilityGlobals) = postSolution
		SolutionGuid = {26E08D17-BD80-4848-8BD8-73FFBF7160DA}
	EndGlobalSection
EndGlobal
